
Microsoft Visual Studio Solution File, Format Version 12.00
# Visual Studio Version 17
VisualStudioVersion = 17.3.32929.385
MinimumVisualStudioVersion = 10.0.40219.1
Project("{9A19103F-16F7-4668-BE54-9A1E7A4F7556}") = "Movie.Core", "Movie.Core\Movie.Core.csproj", "{F229A25B-9FAF-41BF-8798-470EAB7671E9}"
EndProject
Project("{9A19103F-16F7-4668-BE54-9A1E7A4F7556}") = "Movie.Repository", "Movie.Repository\Movie.Repository.csproj", "{F91DEBB7-6A78-4F16-BE29-5CD6ACD01B23}"
EndProject
Project("{9A19103F-16F7-4668-BE54-9A1E7A4F7556}") = "Movie.Service", "Movie.Service\Movie.Service.csproj", "{4996A43C-48F3-4490-A143-0BE5E88E7E6B}"
EndProject
Project("{9A19103F-16F7-4668-BE54-9A1E7A4F7556}") = "Movie.API", "Movie.API\Movie.API.csproj", "{C6B16D3F-5190-4DF2-BF24-8F2683FD91BE}"
EndProject
Project("{9A19103F-16F7-4668-BE54-9A1E7A4F7556}") = "Mini.API", "Mini.API\Mini.API.csproj", "{7FF58E71-406A-4977-A675-F6621E015DAB}"
EndProject
Project("{9A19103F-16F7-4668-BE54-9A1E7A4F7556}") = "SharedLibrary", "SharedLibrary\SharedLibrary.csproj", "{B9761349-DE1D-45B0-876B-E72C58861267}"
EndProject
Global
	GlobalSection(SolutionConfigurationPlatforms) = preSolution
		Debug|Any CPU = Debug|Any CPU
		Release|Any CPU = Release|Any CPU
	EndGlobalSection
	GlobalSection(ProjectConfigurationPlatforms) = postSolution
		{F229A25B-9FAF-41BF-8798-470EAB7671E9}.Debug|Any CPU.ActiveCfg = Debug|Any CPU
		{F229A25B-9FAF-41BF-8798-470EAB7671E9}.Debug|Any CPU.Build.0 = Debug|Any CPU
		{F229A25B-9FAF-41BF-8798-470EAB7671E9}.Release|Any CPU.ActiveCfg = Release|Any CPU
		{F229A25B-9FAF-41BF-8798-470EAB7671E9}.Release|Any CPU.Build.0 = Release|Any CPU
		{F91DEBB7-6A78-4F16-BE29-5CD6ACD01B23}.Debug|Any CPU.ActiveCfg = Debug|Any CPU
		{F91DEBB7-6A78-4F16-BE29-5CD6ACD01B23}.Debug|Any CPU.Build.0 = Debug|Any CPU
		{F91DEBB7-6A78-4F16-BE29-5CD6ACD01B23}.Release|Any CPU.ActiveCfg = Release|Any CPU
		{F91DEBB7-6A78-4F16-BE29-5CD6ACD01B23}.Release|Any CPU.Build.0 = Release|Any CPU
		{4996A43C-48F3-4490-A143-0BE5E88E7E6B}.Debug|Any CPU.ActiveCfg = Debug|Any CPU
		{4996A43C-48F3-4490-A143-0BE5E88E7E6B}.Debug|Any CPU.Build.0 = Debug|Any CPU
		{4996A43C-48F3-4490-A143-0BE5E88E7E6B}.Release|Any CPU.ActiveCfg = Release|Any CPU
		{4996A43C-48F3-4490-A143-0BE5E88E7E6B}.Release|Any CPU.Build.0 = Release|Any CPU
		{C6B16D3F-5190-4DF2-BF24-8F2683FD91BE}.Debug|Any CPU.ActiveCfg = Debug|Any CPU
		{C6B16D3F-5190-4DF2-BF24-8F2683FD91BE}.Debug|Any CPU.Build.0 = Debug|Any CPU
		{C6B16D3F-5190-4DF2-BF24-8F2683FD91BE}.Release|Any CPU.ActiveCfg = Release|Any CPU
		{C6B16D3F-5190-4DF2-BF24-8F2683FD91BE}.Release|Any CPU.Build.0 = Release|Any CPU
		{7FF58E71-406A-4977-A675-F6621E015DAB}.Debug|Any CPU.ActiveCfg = Debug|Any CPU
		{7FF58E71-406A-4977-A675-F6621E015DAB}.Debug|Any CPU.Build.0 = Debug|Any CPU
		{7FF58E71-406A-4977-A675-F6621E015DAB}.Release|Any CPU.ActiveCfg = Release|Any CPU
		{7FF58E71-406A-4977-A675-F6621E015DAB}.Release|Any CPU.Build.0 = Release|Any CPU
		{B9761349-DE1D-45B0-876B-E72C58861267}.Debug|Any CPU.ActiveCfg = Debug|Any CPU
		{B9761349-DE1D-45B0-876B-E72C58861267}.Debug|Any CPU.Build.0 = Debug|Any CPU
		{B9761349-DE1D-45B0-876B-E72C58861267}.Release|Any CPU.ActiveCfg = Release|Any CPU
		{B9761349-DE1D-45B0-876B-E72C58861267}.Release|Any CPU.Build.0 = Release|Any CPU
	EndGlobalSection
	GlobalSection(SolutionProperties) = preSolution
		HideSolutionNode = FALSE
	EndGlobalSection
	GlobalSection(ExtensibilityGlobals) = postSolution
		SolutionGuid = {DAA4FAE2-D11C-4FDA-B648-8CD8CAFAE6CB}
	EndGlobalSection
EndGlobal
